Microsoft Visual Studio Solution File, Format Version 12.00
# Visual Studio Version 17
VisualStudioVersion = 17.5.2.0
MinimumVisualStudioVersion = 10.0.40219.1
Project("{FAE04EC0-301F-11D3-BF4B-00C04F79EFBC}") = "Sample-1", "Sample-1.csproj", "{96B50385-1BA4-5165-2EDB-C6B53F431587}"
EndProject
Global
	GlobalSection(SolutionConfigurationPlatforms) = preSolution
		Debug|Any CPU = Debug|Any CPU
		Release|Any CPU = Release|Any CPU
	EndGlobalSection
	GlobalSection(ProjectConfigurationPlatforms) = postSolution
		{96B50385-1BA4-5165-2EDB-C6B53F431587}.Debug|Any CPU.ActiveCfg = Debug|Any CPU
		{96B50385-1BA4-5165-2EDB-C6B53F431587}.Debug|Any CPU.Build.0 = Debug|Any CPU
		{96B50385-1BA4-5165-2EDB-C6B53F431587}.Release|Any CPU.ActiveCfg = Release|Any CPU
		{96B50385-1BA4-5165-2EDB-C6B53F431587}.Release|Any CPU.Build.0 = Release|Any CPU
	EndGlobalSection
	GlobalSection(SolutionProperties) = preSolution
		HideSolutionNode = FALSE
	EndGlobalSection
	GlobalSection(ExtensibilityGlobals) = postSolution
		SolutionGuid = {84CB7D3C-C060-4080-9466-9FF021FAA19F}
	EndGlobalSection
EndGlobal
